
Microsoft Visual Studio Solution File, Format Version 12.00
# Visual Studio 15
VisualStudioVersion = 15.0.26621.2
MinimumVisualStudioVersion = 10.0.40219.1
Project("{FAE04EC0-301F-11D3-BF4B-00C04F79EFBC}") = "SamuraiApp.Domain", "SamuraiApp.Domain\SamuraiApp.Domain.csproj", "{39DFD55F-34E9-4692-82AC-B92049244745}"
EndProject
Project("{FAE04EC0-301F-11D3-BF4B-00C04F79EFBC}") = "Tests.NetFx.Preview1", "Tests\Tests.NetFx.Preview1.csproj", "{EAF5AE2D-B6A9-4B08-AD79-2B56544BB689}"
EndProject
Project("{FAE04EC0-301F-11D3-BF4B-00C04F79EFBC}") = "Data.NetFx.Preview1", "SamuraiApp.Data.NetFx\Data.NetFx.Preview1.csproj", "{DEEB9D72-2689-4C91-A27E-F0B8CB8EB4C7}"
EndProject
Project("{FAE04EC0-301F-11D3-BF4B-00C04F79EFBC}") = "Data.NetFx47.Nightly", "Data.NetFx47.Nightly\Data.NetFx47.Nightly.csproj", "{CF9BACD5-CD44-458C-8339-F1F0C0FA7E74}"
EndProject
Project("{FAE04EC0-301F-11D3-BF4B-00C04F79EFBC}") = "Tests.NetFx47.Nightly", "Tests.NetFx47.Nightly\Tests.NetFx47.Nightly.csproj", "{511AC9DB-B039-42EA-ABC8-2E6C31F74BFE}"
EndProject
Global
	GlobalSection(SolutionConfigurationPlatforms) = preSolution
		Debug|Any CPU = Debug|Any CPU
		Release|Any CPU = Release|Any CPU
	EndGlobalSection
	GlobalSection(ProjectConfigurationPlatforms) = postSolution
		{39DFD55F-34E9-4692-82AC-B92049244745}.Debug|Any CPU.ActiveCfg = Debug|Any CPU
		{39DFD55F-34E9-4692-82AC-B92049244745}.Debug|Any CPU.Build.0 = Debug|Any CPU
		{39DFD55F-34E9-4692-82AC-B92049244745}.Release|Any CPU.ActiveCfg = Release|Any CPU
		{39DFD55F-34E9-4692-82AC-B92049244745}.Release|Any CPU.Build.0 = Release|Any CPU
		{EAF5AE2D-B6A9-4B08-AD79-2B56544BB689}.Debug|Any CPU.ActiveCfg = Debug|Any CPU
		{EAF5AE2D-B6A9-4B08-AD79-2B56544BB689}.Debug|Any CPU.Build.0 = Debug|Any CPU
		{EAF5AE2D-B6A9-4B08-AD79-2B56544BB689}.Release|Any CPU.ActiveCfg = Release|Any CPU
		{EAF5AE2D-B6A9-4B08-AD79-2B56544BB689}.Release|Any CPU.Build.0 = Release|Any CPU
		{DEEB9D72-2689-4C91-A27E-F0B8CB8EB4C7}.Debug|Any CPU.ActiveCfg = Debug|Any CPU
		{DEEB9D72-2689-4C91-A27E-F0B8CB8EB4C7}.Debug|Any CPU.Build.0 = Debug|Any CPU
		{DEEB9D72-2689-4C91-A27E-F0B8CB8EB4C7}.Release|Any CPU.ActiveCfg = Release|Any CPU
		{DEEB9D72-2689-4C91-A27E-F0B8CB8EB4C7}.Release|Any CPU.Build.0 = Release|Any CPU
		{CF9BACD5-CD44-458C-8339-F1F0C0FA7E74}.Debug|Any CPU.ActiveCfg = Debug|Any CPU
		{CF9BACD5-CD44-458C-8339-F1F0C0FA7E74}.Debug|Any CPU.Build.0 = Debug|Any CPU
		{CF9BACD5-CD44-458C-8339-F1F0C0FA7E74}.Release|Any CPU.ActiveCfg = Release|Any CPU
		{CF9BACD5-CD44-458C-8339-F1F0C0FA7E74}.Release|Any CPU.Build.0 = Release|Any CPU
		{511AC9DB-B039-42EA-ABC8-2E6C31F74BFE}.Debug|Any CPU.ActiveCfg = Debug|Any CPU
		{511AC9DB-B039-42EA-ABC8-2E6C31F74BFE}.Debug|Any CPU.Build.0 = Debug|Any CPU
		{511AC9DB-B039-42EA-ABC8-2E6C31F74BFE}.Release|Any CPU.ActiveCfg = Release|Any CPU
		{511AC9DB-B039-42EA-ABC8-2E6C31F74BFE}.Release|Any CPU.Build.0 = Release|Any CPU
	EndGlobalSection
	GlobalSection(SolutionProperties) = preSolution
		HideSolutionNode = FALSE
	EndGlobalSection
	GlobalSection(ExtensibilityGlobals) = postSolution
		SolutionGuid = {04CF6C8F-7497-4142-B49A-7AE1625A7CA9}
	EndGlobalSection
EndGlobal
